// !$*UTF8*$!
{
	archiveVersion = 1;
	classes = {
	};
	objectVersion = 46;
	objects = {

/* Begin PBXBuildFile section */
		1B9B52C519152D7D00CF0974 /* Foundation.framework in Frameworks */ = {isa = PBXBuildFile; fileRef = 1B9B52C419152D7D00CF0974 /* Foundation.framework */; };
		1B9B52C719152D7D00CF0974 /* CoreGraphics.framework in Frameworks */ = {isa = PBXBuildFile; fileRef = 1B9B52C619152D7D00CF0974 /* CoreGraphics.framework */; };
		1B9B52C919152D7D00CF0974 /* UIKit.framework in Frameworks */ = {isa = PBXBuildFile; fileRef = 1B9B52C819152D7D00CF0974 /* UIKit.framework */; };
		1B9B52CF19152D7D00CF0974 /* InfoPlist.strings in Resources */ = {isa = PBXBuildFile; fileRef = 1B9B52CD19152D7D00CF0974 /* InfoPlist.strings */; };
		1B9B52D119152D7D00CF0974 /* main.m in Sources */ = {isa = PBXBuildFile; fileRef = 1B9B52D019152D7D00CF0974 /* main.m */; };
		1B9B52D519152D7D00CF0974 /* AppDelegate.m in Sources */ = {isa = PBXBuildFile; fileRef = 1B9B52D419152D7D00CF0974 /* AppDelegate.m */; };
		1B9B52D819152D7D00CF0974 /* Main.storyboard in Resources */ = {isa = PBXBuildFile; fileRef = 1B9B52D619152D7D00CF0974 /* Main.storyboard */; };
		1B9B52DB19152D7D00CF0974 /* ViewController.m in Sources */ = {isa = PBXBuildFile; fileRef = 1B9B52DA19152D7D00CF0974 /* ViewController.m */; };
		1B9B52DD19152D7D00CF0974 /* Images.xcassets in Resources */ = {isa = PBXBuildFile; fileRef = 1B9B52DC19152D7D00CF0974 /* Images.xcassets */; };
		1B9B52E419152D7D00CF0974 /* XCTest.framework in Frameworks */ = {isa = PBXBuildFile; fileRef = 1B9B52E319152D7D00CF0974 /* XCTest.framework */; };
		1B9B52E519152D7D00CF0974 /* Foundation.framework in Frameworks */ = {isa = PBXBuildFile; fileRef = 1B9B52C419152D7D00CF0974 /* Foundation.framework */; };
		1B9B52E619152D7D00CF0974 /* UIKit.framework in Frameworks */ = {isa = PBXBuildFile; fileRef = 1B9B52C819152D7D00CF0974 /* UIKit.framework */; };
		1B9B52EE19152D7D00CF0974 /* InfoPlist.strings in Resources */ = {isa = PBXBuildFile; fileRef = 1B9B52EC19152D7D00CF0974 /* InfoPlist.strings */; };
		1B9B52F019152D7D00CF0974 /* hearnTests.m in Sources */ = {isa = PBXBuildFile; fileRef = 1B9B52EF19152D7D00CF0974 /* hearnTests.m */; };
/* End PBXBuildFile section */

/* Begin PBXContainerItemProxy section */
		1B9B52E719152D7D00CF0974 /* PBXContainerItemProxy */ = {
			isa = PBXContainerItemProxy;
			containerPortal = 1B9B52B919152D7D00CF0974 /* Project object */;
			proxyType = 1;
			remoteGlobalIDString = 1B9B52C019152D7D00CF0974;
			remoteInfo = hearn;
		};
/* End PBXContainerItemProxy section */

/* Begin PBXFileReference section */
		1B9B52C119152D7D00CF0974 /* hearn.app */ = {isa = PBXFileReference; explicitFileType = wrapper.application; includeInIndex = 0; path = hearn.app; sourceTree = BUILT_PRODUCTS_DIR; };
		1B9B52C419152D7D00CF0974 /* Foundation.framework */ = {isa = PBXFileReference; lastKnownFileType = wrapper.framework; name = Foundation.framework; path = System/Library/Frameworks/Foundation.framework; sourceTree = SDKROOT; };
		1B9B52C619152D7D00CF0974 /* CoreGraphics.framework */ = {isa = PBXFileReference; lastKnownFileType = wrapper.framework; name = CoreGraphics.framework; path = System/Library/Frameworks/CoreGraphics.framework; sourceTree = SDKROOT; };
		1B9B52C819152D7D00CF0974 /* UIKit.framework */ = {isa = PBXFileReference; lastKnownFileType = wrapper.framework; name = UIKit.framework; path = System/Library/Frameworks/UIKit.framework; sourceTree = SDKROOT; };
		1B9B52CC19152D7D00CF0974 /* hearn-Info.plist */ = {isa = PBXFileReference; lastKnownFileType = text.plist.xml; path = "hearn-Info.plist"; sourceTree = "<group>"; };
		1B9B52CE19152D7D00CF0974 /* en */ = {isa = PBXFileReference; lastKnownFileType = text.plist.strings; name = en; path = en.lproj/InfoPlist.strings; sourceTree = "<group>"; };
		1B9B52D019152D7D00CF0974 /* main.m */ = {isa = PBXFileReference; lastKnownFileType = sourcecode.c.objc; path = main.m; sourceTree = "<group>"; };
		1B9B52D219152D7D00CF0974 /* hearn-Prefix.pch */ = {isa = PBXFileReference; lastKnownFileType = sourcecode.c.h; path = "hearn-Prefix.pch"; sourceTree = "<group>"; };
		1B9B52D319152D7D00CF0974 /* AppDelegate.h */ = {isa = PBXFileReference; lastKnownFileType = sourcecode.c.h; path = AppDelegate.h; sourceTree = "<group>"; };
		1B9B52D419152D7D00CF0974 /* AppDelegate.m */ = {isa = PBXFileReference; lastKnownFileType = sourcecode.c.objc; path = AppDelegate.m; sourceTree = "<group>"; };
		1B9B52D719152D7D00CF0974 /* Base */ = {isa = PBXFileReference; lastKnownFileType = file.storyboard; name = Base; path = Base.lproj/Main.storyboard; sourceTree = "<group>"; };
		1B9B52D919152D7D00CF0974 /* ViewController.h */ = {isa = PBXFileReference; lastKnownFileType = sourcecode.c.h; path = ViewController.h; sourceTree = "<group>"; };
		1B9B52DA19152D7D00CF0974 /* ViewController.m */ = {isa = PBXFileReference; lastKnownFileType = sourcecode.c.objc; path = ViewController.m; sourceTree = "<group>"; };
		1B9B52DC19152D7D00CF0974 /* Images.xcassets */ = {isa = PBXFileReference; lastKnownFileType = folder.assetcatalog; path = Images.xcassets; sourceTree = "<group>"; };
		1B9B52E219152D7D00CF0974 /* hearnTests.xctest */ = {isa = PBXFileReference; explicitFileType = wrapper.cfbundle; includeInIndex = 0; path = hearnTests.xctest; sourceTree = BUILT_PRODUCTS_DIR; };
		1B9B52E319152D7D00CF0974 /* XCTest.framework */ = {isa = PBXFileReference; lastKnownFileType = wrapper.framework; name = XCTest.framework; path = Library/Frameworks/XCTest.framework; sourceTree = DEVELOPER_DIR; };
		1B9B52EB19152D7D00CF0974 /* hearnTests-Info.plist */ = {isa = PBXFileReference; lastKnownFileType = text.plist.xml; path = "hearnTests-Info.plist"; sourceTree = "<group>"; };
		1B9B52ED19152D7D00CF0974 /* en */ = {isa = PBXFileReference; lastKnownFileType = text.plist.strings; name = en; path = en.lproj/InfoPlist.strings; sourceTree = "<group>"; };
		1B9B52EF19152D7D00CF0974 /* hearnTests.m */ = {isa = PBXFileReference; lastKnownFileType = sourcecode.c.objc; path = hearnTests.m; sourceTree = "<group>"; };
/* End PBXFileReference section */

/* Begin PBXFrameworksBuildPhase section */
		1B9B52BE19152D7D00CF0974 /* Frameworks */ = {
			isa = PBXFrameworksBuildPhase;
			buildActionMask = 2147483647;
			files = (
				1B9B52C719152D7D00CF0974 /* CoreGraphics.framework in Frameworks */,
				1B9B52C919152D7D00CF0974 /* UIKit.framework in Frameworks */,
				1B9B52C519152D7D00CF0974 /* Foundation.framework in Frameworks */,
			);
			runOnlyForDeploymentPostprocessing = 0;
		};
		1B9B52DF19152D7D00CF0974 /* Frameworks */ = {
			isa = PBXFrameworksBuildPhase;
			buildActionMask = 2147483647;
			files = (
				1B9B52E419152D7D00CF0974 /* XCTest.framework in Frameworks */,
				1B9B52E619152D7D00CF0974 /* UIKit.framework in Frameworks */,
				1B9B52E519152D7D00CF0974 /* Foundation.framework in Frameworks */,
			);
			runOnlyForDeploymentPostprocessing = 0;
		};
/* End PBXFrameworksBuildPhase section */

/* Begin PBXGroup section */
		1B9B52B819152D7D00CF0974 = {
			isa = PBXGroup;
			children = (
				1B9B52CA19152D7D00CF0974 /* hearn */,
				1B9B52E919152D7D00CF0974 /* hearnTests */,
				1B9B52C319152D7D00CF0974 /* Frameworks */,
				1B9B52C219152D7D00CF0974 /* Products */,
			);
			sourceTree = "<group>";
		};
		1B9B52C219152D7D00CF0974 /* Products */ = {
			isa = PBXGroup;
			children = (
				1B9B52C119152D7D00CF0974 /* hearn.app */,
				1B9B52E219152D7D00CF0974 /* hearnTests.xctest */,
			);
			name = Products;
			sourceTree = "<group>";
		};
		1B9B52C319152D7D00CF0974 /* Frameworks */ = {
			isa = PBXGroup;
			children = (
				1B9B52C419152D7D00CF0974 /* Foundation.framework */,
				1B9B52C619152D7D00CF0974 /* CoreGraphics.framework */,
				1B9B52C819152D7D00CF0974 /* UIKit.framework */,
				1B9B52E319152D7D00CF0974 /* XCTest.framework */,
			);
			name = Frameworks;
			sourceTree = "<group>";
		};
		1B9B52CA19152D7D00CF0974 /* hearn */ = {
			isa = PBXGroup;
			children = (
				1B9B52D319152D7D00CF0974 /* AppDelegate.h */,
				1B9B52D419152D7D00CF0974 /* AppDelegate.m */,
				1B9B52D619152D7D00CF0974 /* Main.storyboard */,
				1B9B52D919152D7D00CF0974 /* ViewController.h */,
				1B9B52DA19152D7D00CF0974 /* ViewController.m */,
				1B9B52DC19152D7D00CF0974 /* Images.xcassets */,
				1B9B52CB19152D7D00CF0974 /* Supporting Files */,
			);
			path = hearn;
			sourceTree = "<group>";
		};
		1B9B52CB19152D7D00CF0974 /* Supporting Files */ = {
			isa = PBXGroup;
			children = (
				1B9B52CC19152D7D00CF0974 /* hearn-Info.plist */,
				1B9B52CD19152D7D00CF0974 /* InfoPlist.strings */,
				1B9B52D019152D7D00CF0974 /* main.m */,
				1B9B52D219152D7D00CF0974 /* hearn-Prefix.pch */,
			);
			name = "Supporting Files";
			sourceTree = "<group>";
		};
		1B9B52E919152D7D00CF0974 /* hearnTests */ = {
			isa = PBXGroup;
			children = (
				1B9B52EF19152D7D00CF0974 /* hearnTests.m */,
				1B9B52EA19152D7D00CF0974 /* Supporting Files */,
			);
			path = hearnTests;
			sourceTree = "<group>";
		};
		1B9B52EA19152D7D00CF0974 /* Supporting Files */ = {
			isa = PBXGroup;
			children = (
				1B9B52EB19152D7D00CF0974 /* hearnTests-Info.plist */,
				1B9B52EC19152D7D00CF0974 /* InfoPlist.strings */,
			);
			name = "Supporting Files";
			sourceTree = "<group>";
		};
/* End PBXGroup section */

/* Begin PBXNativeTarget section */
		1B9B52C019152D7D00CF0974 /* hearn */ = {
			isa = PBXNativeTarget;
			buildConfigurationList = 1B9B52F319152D7D00CF0974 /* Build configuration list for PBXNativeTarget "hearn" */;
			buildPhases = (
				1B9B52BD19152D7D00CF0974 /* Sources */,
				1B9B52BE19152D7D00CF0974 /* Frameworks */,
				1B9B52BF19152D7D00CF0974 /* Resources */,
			);
			buildRules = (
			);
			dependencies = (
			);
			name = hearn;
			productName = hearn;
			productReference = 1B9B52C119152D7D00CF0974 /* hearn.app */;
			productType = "com.apple.product-type.application";
		};
		1B9B52E119152D7D00CF0974 /* hearnTests */ = {
			isa = PBXNativeTarget;
			buildConfigurationList = 1B9B52F619152D7D00CF0974 /* Build configuration list for PBXNativeTarget "hearnTests" */;
			buildPhases = (
				1B9B52DE19152D7D00CF0974 /* Sources */,
				1B9B52DF19152D7D00CF0974 /* Frameworks */,
				1B9B52E019152D7D00CF0974 /* Resources */,
			);
			buildRules = (
			);
			dependencies = (
				1B9B52E819152D7D00CF0974 /* PBXTargetDependency */,
			);
			name = hearnTests;
			productName = hearnTests;
			productReference = 1B9B52E219152D7D00CF0974 /* hearnTests.xctest */;
			productType = "com.apple.product-type.bundle.unit-test";
		};
/* End PBXNativeTarget section */

/* Begin PBXProject section */
		1B9B52B919152D7D00CF0974 /* Project object */ = {
			isa = PBXProject;
			attributes = {
				LastUpgradeCheck = 0510;
				ORGANIZATIONNAME = "梶原 一葉";
				TargetAttributes = {
					1B9B52E119152D7D00CF0974 = {
						TestTargetID = 1B9B52C019152D7D00CF0974;
					};
				};
			};
			buildConfigurationList = 1B9B52BC19152D7D00CF0974 /* Build configuration list for PBXProject "hearn" */;
			compatibilityVersion = "Xcode 3.2";
			developmentRegion = English;
			hasScannedForEncodings = 0;
			knownRegions = (
				en,
				Base,
			);
			mainGroup = 1B9B52B819152D7D00CF0974;
			productRefGroup = 1B9B52C219152D7D00CF0974 /* Products */;
			projectDirPath = "";
			projectRoot = "";
			targets = (
				1B9B52C019152D7D00CF0974 /* hearn */,
				1B9B52E119152D7D00CF0974 /* hearnTests */,
			);
		};
/* End PBXProject section */

/* Begin PBXResourcesBuildPhase section */
		1B9B52BF19152D7D00CF0974 /* Resources */ = {
			isa = PBXResourcesBuildPhase;
			buildActionMask = 2147483647;
			files = (
				1B9B52DD19152D7D00CF0974 /* Images.xcassets in Resources */,
				1B9B52CF19152D7D00CF0974 /* InfoPlist.strings in Resources */,
				1B9B52D819152D7D00CF0974 /* Main.storyboard in Resources */,
			);
			runOnlyForDeploymentPostprocessing = 0;
		};
		1B9B52E019152D7D00CF0974 /* Resources */ = {
			isa = PBXResourcesBuildPhase;
			buildActionMask = 2147483647;
			files = (
				1B9B52EE19152D7D00CF0974 /* InfoPlist.strings in Resources */,
			);
			runOnlyForDeploymentPostprocessing = 0;
		};
/* End PBXResourcesBuildPhase section */

/* Begin PBXSourcesBuildPhase section */
		1B9B52BD19152D7D00CF0974 /* Sources */ = {
			isa = PBXSourcesBuildPhase;
			buildActionMask = 2147483647;
			files = (
				1B9B52DB19152D7D00CF0974 /* ViewController.m in Sources */,
				1B9B52D519152D7D00CF0974 /* AppDelegate.m in Sources */,
				1B9B52D119152D7D00CF0974 /* main.m in Sources */,
			);
			runOnlyForDeploymentPostprocessing = 0;
		};
		1B9B52DE19152D7D00CF0974 /* Sources */ = {
			isa = PBXSourcesBuildPhase;
			buildActionMask = 2147483647;
			files = (
				1B9B52F019152D7D00CF0974 /* hearnTests.m in Sources */,
			);
			runOnlyForDeploymentPostprocessing = 0;
		};
/* End PBXSourcesBuildPhase section */

/* Begin PBXTargetDependency section */
		1B9B52E819152D7D00CF0974 /* PBXTargetDependency */ = {
			isa = PBXTargetDependency;
			target = 1B9B52C019152D7D00CF0974 /* hearn */;
			targetProxy = 1B9B52E719152D7D00CF0974 /* PBXContainerItemProxy */;
		};
/* End PBXTargetDependency section */

/* Begin PBXVariantGroup section */
		1B9B52CD19152D7D00CF0974 /* InfoPlist.strings */ = {
			isa = PBXVariantGroup;
			children = (
				1B9B52CE19152D7D00CF0974 /* en */,
			);
			name = InfoPlist.strings;
			sourceTree = "<group>";
		};
		1B9B52D619152D7D00CF0974 /* Main.storyboard */ = {
			isa = PBXVariantGroup;
			children = (
				1B9B52D719152D7D00CF0974 /* Base */,
			);
			name = Main.storyboard;
			sourceTree = "<group>";
		};
		1B9B52EC19152D7D00CF0974 /* InfoPlist.strings */ = {
			isa = PBXVariantGroup;
			children = (
				1B9B52ED19152D7D00CF0974 /* en */,
			);
			name = InfoPlist.strings;
			sourceTree = "<group>";
		};
/* End PBXVariantGroup section */

/* Begin XCBuildConfiguration section */
		1B9B52F119152D7D00CF0974 /* Debug */ = {
			isa = XCBuildConfiguration;
			buildSettings = {
				ALWAYS_SEARCH_USER_PATHS = NO;
				CLANG_CXX_LANGUAGE_STANDARD = "gnu++0x";
				CLANG_CXX_LIBRARY = "libc++";
				CLANG_ENABLE_MODULES = YES;
				CLANG_ENABLE_OBJC_ARC = YES;
				CLANG_WARN_BOOL_CONVERSION = YES;
				CLANG_WARN_CONSTANT_CONVERSION = YES;
				CLANG_WARN_DIRECT_OBJC_ISA_USAGE = YES_ERROR;
				CLANG_WARN_EMPTY_BODY = YES;
				CLANG_WARN_ENUM_CONVERSION = YES;
				CLANG_WARN_INT_CONVERSION = YES;
				CLANG_WARN_OBJC_ROOT_CLASS = YES_ERROR;
				CLANG_WARN__DUPLICATE_METHOD_MATCH = YES;
				"CODE_SIGN_IDENTITY[sdk=iphoneos*]" = "iPhone Developer";
				COPY_PHASE_STRIP = NO;
				GCC_C_LANGUAGE_STANDARD = gnu99;
				GCC_DYNAMIC_NO_PIC = NO;
				GCC_OPTIMIZATION_LEVEL = 0;
				GCC_PREPROCESSOR_DEFINITIONS = (
					"DEBUG=1",
					"$(inherited)",
				);
				GCC_SYMBOLS_PRIVATE_EXTERN = NO;
				GCC_WARN_64_TO_32_BIT_CONVERSION = YES;
				GCC_WARN_ABOUT_RETURN_TYPE = YES_ERROR;
				GCC_WARN_UNDECLARED_SELECTOR = YES;
				GCC_WARN_UNINITIALIZED_AUTOS = YES_AGGRESSIVE;
				GCC_WARN_UNUSED_FUNCTION = YES;
				GCC_WARN_UNUSED_VARIABLE = YES;
				IPHONEOS_DEPLOYMENT_TARGET = 7.1;
				ONLY_ACTIVE_ARCH = YES;
				SDKROOT = iphoneos;
			};
			name = Debug;
		};
		1B9B52F219152D7D00CF0974 /* Release */ = {
			isa = XCBuildConfiguration;
			buildSettings = {
				ALWAYS_SEARCH_USER_PATHS = NO;
				CLANG_CXX_LANGUAGE_STANDARD = "gnu++0x";
				CLANG_CXX_LIBRARY = "libc++";
				CLANG_ENABLE_MODULES = YES;
				CLANG_ENABLE_OBJC_ARC = YES;
				CLANG_WARN_BOOL_CONVERSION = YES;
				CLANG_WARN_CONSTANT_CONVERSION = YES;
				CLANG_WARN_DIRECT_OBJC_ISA_USAGE = YES_ERROR;
				CLANG_WARN_EMPTY_BODY = YES;
				CLANG_WARN_ENUM_CONVERSION = YES;
				CLANG_WARN_INT_CONVERSION = YES;
				CLANG_WARN_OBJC_ROOT_CLASS = YES_ERROR;
				CLANG_WARN__DUPLICATE_METHOD_MATCH = YES;
				"CODE_SIGN_IDENTITY[sdk=iphoneos*]" = "iPhone Developer";
				COPY_PHASE_STRIP = YES;
				ENABLE_NS_ASSERTIONS = NO;
				GCC_C_LANGUAGE_STANDARD = gnu99;
				GCC_WARN_64_TO_32_BIT_CONVERSION = YES;
				GCC_WARN_ABOUT_RETURN_TYPE = YES_ERROR;
				GCC_WARN_UNDECLARED_SELECTOR = YES;
				GCC_WARN_UNINITIALIZED_AUTOS = YES_AGGRESSIVE;
				GCC_WARN_UNUSED_FUNCTION = YES;
				GCC_WARN_UNUSED_VARIABLE = YES;
				IPHONEOS_DEPLOYMENT_TARGET = 7.1;
				SDKROOT = iphoneos;
				VALIDATE_PRODUCT = YES;
			};
			name = Release;
		};
		1B9B52F419152D7D00CF0974 /* Debug */ = {
			isa = XCBuildConfiguration;
			buildSettings = {
				ASSETCATALOG_COMPILER_APPICON_NAME = AppIcon;
				ASSETCATALOG_COMPILER_LAUNCHIMAGE_NAME = LaunchImage;
				GCC_PRECOMPILE_PREFIX_HEADER = YES;
				GCC_PREFIX_HEADER = "hearn/hearn-Prefix.pch";
				INFOPLIST_FILE = "hearn/hearn-Info.plist";
				PRODUCT_NAME = "$(TARGET_NAME)";
				WRAPPER_EXTENSION = app;
			};
			name = Debug;
		};
		1B9B52F519152D7D00CF0974 /* Release */ = {
			isa = XCBuildConfiguration;
			buildSettings = {
				ASSETCATALOG_COMPILER_APPICON_NAME = AppIcon;
				ASSETCATALOG_COMPILER_LAUNCHIMAGE_NAME = LaunchImage;
				GCC_PRECOMPILE_PREFIX_HEADER = YES;
				GCC_PREFIX_HEADER = "hearn/hearn-Prefix.pch";
				INFOPLIST_FILE = "hearn/hearn-Info.plist";
				PRODUCT_NAME = "$(TARGET_NAME)";
				WRAPPER_EXTENSION = app;
			};
			name = Release;
		};
		1B9B52F719152D7D00CF0974 /* Debug */ = {
			isa = XCBuildConfiguration;
			buildSettings = {
				BUNDLE_LOADER = "$(BUILT_PRODUCTS_DIR)/hearn.app/hearn";
				FRAMEWORK_SEARCH_PATHS = (
					"$(SDKROOT)/Developer/Library/Frameworks",
					"$(inherited)",
					"$(DEVELOPER_FRAMEWORKS_DIR)",
				);
				GCC_PRECOMPILE_PREFIX_HEADER = YES;
				GCC_PREFIX_HEADER = "hearn/hearn-Prefix.pch";
				GCC_PREPROCESSOR_DEFINITIONS = (
					"DEBUG=1",
					"$(inherited)",
				);
				INFOPLIST_FILE = "hearnTests/hearnTests-Info.plist";
				PRODUCT_NAME = "$(TARGET_NAME)";
				TEST_HOST = "$(BUNDLE_LOADER)";
				WRAPPER_EXTENSION = xctest;
			};
			name = Debug;
		};
		1B9B52F819152D7D00CF0974 /* Release */ = {
			isa = XCBuildConfiguration;
			buildSettings = {
				BUNDLE_LOADER = "$(BUILT_PRODUCTS_DIR)/hearn.app/hearn";
				FRAMEWORK_SEARCH_PATHS = (
					"$(SDKROOT)/Developer/Library/Frameworks",
					"$(inherited)",
					"$(DEVELOPER_FRAMEWORKS_DIR)",
				);
				GCC_PRECOMPILE_PREFIX_HEADER = YES;
				GCC_PREFIX_HEADER = "hearn/hearn-Prefix.pch";
				INFOPLIST_FILE = "hearnTests/hearnTests-Info.plist";
				PRODUCT_NAME = "$(TARGET_NAME)";
				TEST_HOST = "$(BUNDLE_LOADER)";
				WRAPPER_EXTENSION = xctest;
			};
			name = Release;
		};
/* End XCBuildConfiguration section */

/* Begin XCConfigurationList section */
		1B9B52BC19152D7D00CF0974 /* Build configuration list for PBXProject "hearn" */ = {
			isa = XCConfigurationList;
			buildConfigurations = (
				1B9B52F119152D7D00CF0974 /* Debug */,
				1B9B52F219152D7D00CF0974 /* Release */,
			);
			defaultConfigurationIsVisible = 0;
			defaultConfigurationName = Release;
		};
		1B9B52F319152D7D00CF0974 /* Build configuration list for PBXNativeTarget "hearn" */ = {
			isa = XCConfigurationList;
			buildConfigurations = (
				1B9B52F419152D7D00CF0974 /* Debug */,
				1B9B52F519152D7D00CF0974 /* Release */,
			);
			defaultConfigurationIsVisible = 0;
		};
		1B9B52F619152D7D00CF0974 /* Build configuration list for PBXNativeTarget "hearnTests" */ = {
			isa = XCConfigurationList;
			buildConfigurations = (
				1B9B52F719152D7D00CF0974 /* Debug */,
				1B9B52F819152D7D00CF0974 /* Release */,
			);
			defaultConfigurationIsVisible = 0;
		};
/* End XCConfigurationList section */
	};
	rootObject = 1B9B52B919152D7D00CF0974 /* Project object */;
}
